Microsoft Visual Studio Solution File, Format Version 12.00
# Visual Studio 2012
Project("{FAE04EC0-301F-11D3-BF4B-00C04F79EFBC}") = "Calliope", "Calliope.csproj", "{EF163160-7BDC-477F-8DF5-B458BE41BA24}"
EndProject
Global
	GlobalSection(SolutionConfigurationPlatforms) = preSolution
	Debug|Any CPU = Debug|Any CPU
	ExportDebug|Any CPU = ExportDebug|Any CPU
	ExportRelease|Any CPU = ExportRelease|Any CPU
	EndGlobalSection
	GlobalSection(ProjectConfigurationPlatforms) = postSolution
		{EF163160-7BDC-477F-8DF5-B458BE41BA24}.Debug|Any CPU.ActiveCfg = Debug|Any CPU
		{EF163160-7BDC-477F-8DF5-B458BE41BA24}.Debug|Any CPU.Build.0 = Debug|Any CPU
		{EF163160-7BDC-477F-8DF5-B458BE41BA24}.ExportDebug|Any CPU.ActiveCfg = ExportDebug|Any CPU
		{EF163160-7BDC-477F-8DF5-B458BE41BA24}.ExportDebug|Any CPU.Build.0 = ExportDebug|Any CPU
		{EF163160-7BDC-477F-8DF5-B458BE41BA24}.ExportRelease|Any CPU.ActiveCfg = ExportRelease|Any CPU
		{EF163160-7BDC-477F-8DF5-B458BE41BA24}.ExportRelease|Any CPU.Build.0 = ExportRelease|Any CPU
	EndGlobalSection
EndGlobal
